{
  "name": "purecore",
  "version": "1.16.37",
  "lockfileVersion": 2,
  "requires": true,
  "packages": {
    "": {
      "name": "purecore",
      "version": "1.16.36",
      "license": "ISC",
      "dependencies": {
        "@types/node": "^12.12.55",
        "node-fetch": "^2.6.1"
      },
      "devDependencies": {}
    },
    "node_modules/@types/node": {
      "version": "12.19.7",
      "resolved": "https://registry.npmjs.org/@types/node/-/node-12.19.7.tgz",
      "integrity": "sha512-zvjOU1g4CpPilbTDUATnZCUb/6lARMRAqzT7ILwl1P3YvU2leEcZ2+fw9+Jrw/paXB1CgQyXTrN4hWDtqT9O2A=="
    },
    "node_modules/node-fetch": {
      "version": "2.6.1",
      "resolved": "https://registry.npmjs.org/node-fetch/-/node-fetch-2.6.1.tgz",
      "integrity": "sha512-V4aYg89jEoVRxRb2fJdAg8FHvI7cEyYdVAh94HH0UIK8oJxUfkjlDQN9RbMx+bEjP7+ggMiFRprSti032Oipxw==",
      "engines": {
        "node": "4.x || >=6.0.0"
      }
    }
  },
  "dependencies": {
    "@types/node": {
      "version": "12.19.7",
      "resolved": "https://registry.npmjs.org/@types/node/-/node-12.19.7.tgz",
      "integrity": "sha512-zvjOU1g4CpPilbTDUATnZCUb/6lARMRAqzT7ILwl1P3YvU2leEcZ2+fw9+Jrw/paXB1CgQyXTrN4hWDtqT9O2A=="
    },
    "node-fetch": {
      "version": "2.6.1",
      "resolved": "https://registry.npmjs.org/node-fetch/-/node-fetch-2.6.1.tgz",
      "integrity": "sha512-V4aYg89jEoVRxRb2fJdAg8FHvI7cEyYdVAh94HH0UIK8oJxUfkjlDQN9RbMx+bEjP7+ggMiFRprSti032Oipxw=="
    }
  }
}
